lockfileVersion: '6.0'

settings:
  autoInstallPeers: true
  excludeLinksFromLockfile: false

dependencies:
  helmet:
    specifier: ^7.0.0
    version: 7.0.0

packages:

  /helmet@7.0.0:
    resolution: {integrity: sha512-MsIgYmdBh460ZZ8cJC81q4XJknjG567wzEmv46WOBblDb6TUd3z8/GhgmsM9pn8g2B80tAJ4m5/d3Bi1KrSUBQ==}
    engines: {node: '>=16.0.0'}
    dev: false
